
Microsoft Visual Studio Solution File, Format Version 12.00
# Visual Studio Version 16
VisualStudioVersion = 16.0.31729.503
MinimumVisualStudioVersion = 10.0.40219.1
Project("{9A19103F-16F7-4668-BE54-9A1E7A4F7556}") = "GenericRepositoryExampla.Entities", "GenericRepositoryExampla.Entities\GenericRepositoryExampla.Entities.csproj", "{F085112A-31F4-4656-A5BC-564B3318358A}"
EndProject
Project("{9A19103F-16F7-4668-BE54-9A1E7A4F7556}") = "GenericRepositoryExample.Business", "GenericRepositoryExample.Business\GenericRepositoryExample.Business.csproj", "{D9B5802E-E337-482E-85FA-A7E387217AEE}"
EndProject
Project("{9A19103F-16F7-4668-BE54-9A1E7A4F7556}") = "GenericRepositoryExampla.Api", "GenericRepositoryExampla.Api\GenericRepositoryExampla.Api.csproj", "{A36D39FB-FF1B-4DCE-A083-79563C458E7A}"
EndProject
Project("{9A19103F-16F7-4668-BE54-9A1E7A4F7556}") = "GenericRepositoryExample.DataAccsess", "GenericRepositoryExample.DataAccsess\GenericRepositoryExample.DataAccsess.csproj", "{D2BC080E-85E1-4A65-B772-3828A00ADFB8}"
EndProject
Global
	GlobalSection(SolutionConfigurationPlatforms) = preSolution
		Debug|Any CPU = Debug|Any CPU
		Release|Any CPU = Release|Any CPU
	EndGlobalSection
	GlobalSection(ProjectConfigurationPlatforms) = postSolution
		{F085112A-31F4-4656-A5BC-564B3318358A}.Debug|Any CPU.ActiveCfg = Debug|Any CPU
		{F085112A-31F4-4656-A5BC-564B3318358A}.Debug|Any CPU.Build.0 = Debug|Any CPU
		{F085112A-31F4-4656-A5BC-564B3318358A}.Release|Any CPU.ActiveCfg = Release|Any CPU
		{F085112A-31F4-4656-A5BC-564B3318358A}.Release|Any CPU.Build.0 = Release|Any CPU
		{D9B5802E-E337-482E-85FA-A7E387217AEE}.Debug|Any CPU.ActiveCfg = Debug|Any CPU
		{D9B5802E-E337-482E-85FA-A7E387217AEE}.Debug|Any CPU.Build.0 = Debug|Any CPU
		{D9B5802E-E337-482E-85FA-A7E387217AEE}.Release|Any CPU.ActiveCfg = Release|Any CPU
		{D9B5802E-E337-482E-85FA-A7E387217AEE}.Release|Any CPU.Build.0 = Release|Any CPU
		{A36D39FB-FF1B-4DCE-A083-79563C458E7A}.Debug|Any CPU.ActiveCfg = Debug|Any CPU
		{A36D39FB-FF1B-4DCE-A083-79563C458E7A}.Debug|Any CPU.Build.0 = Debug|Any CPU
		{A36D39FB-FF1B-4DCE-A083-79563C458E7A}.Release|Any CPU.ActiveCfg = Release|Any CPU
		{A36D39FB-FF1B-4DCE-A083-79563C458E7A}.Release|Any CPU.Build.0 = Release|Any CPU
		{D2BC080E-85E1-4A65-B772-3828A00ADFB8}.Debug|Any CPU.ActiveCfg = Debug|Any CPU
		{D2BC080E-85E1-4A65-B772-3828A00ADFB8}.Debug|Any CPU.Build.0 = Debug|Any CPU
		{D2BC080E-85E1-4A65-B772-3828A00ADFB8}.Release|Any CPU.ActiveCfg = Release|Any CPU
		{D2BC080E-85E1-4A65-B772-3828A00ADFB8}.Release|Any CPU.Build.0 = Release|Any CPU
	EndGlobalSection
	GlobalSection(SolutionProperties) = preSolution
		HideSolutionNode = FALSE
	EndGlobalSection
	GlobalSection(ExtensibilityGlobals) = postSolution
		SolutionGuid = {9EAAFBE2-28DA-4AEC-A8E1-6BF4DCF76AA6}
	EndGlobalSection
EndGlobal
